// !$*UTF8*$!
{
	archiveVersion = 1;
	classes = {
	};
	objectVersion = 56;
	objects = {

/* Begin PBXBuildFile section */
		764FDE2F2C695EA60060A428 /* User.swift in Sources */ = {isa = PBXBuildFile; fileRef = 764FDE2E2C695EA60060A428 /* User.swift */; };
		764FDE332C696E990060A428 /* RegistrationViewController.swift in Sources */ = {isa = PBXBuildFile; fileRef = 764FDE322C696E990060A428 /* RegistrationViewController.swift */; };
		764FDE352C697C230060A428 /* BaseView.swift in Sources */ = {isa = PBXBuildFile; fileRef = 764FDE342C697C230060A428 /* BaseView.swift */; };
		764FDE382C6983040060A428 /* LoginViewController.swift in Sources */ = {isa = PBXBuildFile; fileRef = 764FDE372C6983040060A428 /* LoginViewController.swift */; };
		76B869A22C67B3A9002866B9 /* AppDelegate.swift in Sources */ = {isa = PBXBuildFile; fileRef = 76B869A12C67B3A9002866B9 /* AppDelegate.swift */; };
		76B869A42C67B3A9002866B9 /* SceneDelegate.swift in Sources */ = {isa = PBXBuildFile; fileRef = 76B869A32C67B3A9002866B9 /* SceneDelegate.swift */; };
		76B869A62C67B3A9002866B9 /* ViewController.swift in Sources */ = {isa = PBXBuildFile; fileRef = 76B869A52C67B3A9002866B9 /* ViewController.swift */; };
		76B869A92C67B3A9002866B9 /* Main.storyboard in Resources */ = {isa = PBXBuildFile; fileRef = 76B869A72C67B3A9002866B9 /* Main.storyboard */; };
		76B869AB2C67B3AA002866B9 /* Assets.xcassets in Resources */ = {isa = PBXBuildFile; fileRef = 76B869AA2C67B3AA002866B9 /* Assets.xcassets */; };
		76B869AE2C67B3AA002866B9 /* LaunchScreen.storyboard in Resources */ = {isa = PBXBuildFile; fileRef = 76B869AC2C67B3AA002866B9 /* LaunchScreen.storyboard */; };
		76B869BD2C67B8D3002866B9 /* LaunchViewController.swift in Sources */ = {isa = PBXBuildFile; fileRef = 76B869BC2C67B8D3002866B9 /* LaunchViewController.swift */; };
		76B869BF2C67B93C002866B9 /* StartViewController.swift in Sources */ = {isa = PBXBuildFile; fileRef = 76B869BE2C67B93C002866B9 /* StartViewController.swift */; };
		76B869CD2C67CDFC002866B9 /* gradient_skyline_blinking_stars.gif in Resources */ = {isa = PBXBuildFile; fileRef = 76B869CC2C67CDFC002866B9 /* gradient_skyline_blinking_stars.gif */; };
		CE050D9F852DA1814AF749C4 /* Pods_MoodScape.framework in Frameworks */ = {isa = PBXBuildFile; fileRef = 934198394D6E1E25CC7E5A5C /* Pods_MoodScape.framework */; };
/* End PBXBuildFile section */

/* Begin PBXFileReference section */
		764FDE2E2C695EA60060A428 /* User.swift */ = {isa = PBXFileReference; lastKnownFileType = sourcecode.swift; path = User.swift; sourceTree = "<group>"; };
		764FDE322C696E990060A428 /* RegistrationViewController.swift */ = {isa = PBXFileReference; lastKnownFileType = sourcecode.swift; path = RegistrationViewController.swift; sourceTree = "<group>"; };
		764FDE342C697C230060A428 /* BaseView.swift */ = {isa = PBXFileReference; lastKnownFileType = sourcecode.swift; path = BaseView.swift; sourceTree = "<group>"; };
		764FDE372C6983040060A428 /* LoginViewController.swift */ = {isa = PBXFileReference; lastKnownFileType = sourcecode.swift; path = LoginViewController.swift; sourceTree = "<group>"; };
		76B8699E2C67B3A9002866B9 /* MoodScape.app */ = {isa = PBXFileReference; explicitFileType = wrapper.application; includeInIndex = 0; path = MoodScape.app; sourceTree = BUILT_PRODUCTS_DIR; };
		76B869A12C67B3A9002866B9 /* AppDelegate.swift */ = {isa = PBXFileReference; lastKnownFileType = sourcecode.swift; path = AppDelegate.swift; sourceTree = "<group>"; };
		76B869A32C67B3A9002866B9 /* SceneDelegate.swift */ = {isa = PBXFileReference; lastKnownFileType = sourcecode.swift; path = SceneDelegate.swift; sourceTree = "<group>"; };
		76B869A52C67B3A9002866B9 /* ViewController.swift */ = {isa = PBXFileReference; lastKnownFileType = sourcecode.swift; path = ViewController.swift; sourceTree = "<group>"; };
		76B869A82C67B3A9002866B9 /* Base */ = {isa = PBXFileReference; lastKnownFileType = file.storyboard; name = Base; path = Base.lproj/Main.storyboard; sourceTree = "<group>"; };
		76B869AA2C67B3AA002866B9 /* Assets.xcassets */ = {isa = PBXFileReference; lastKnownFileType = folder.assetcatalog; path = Assets.xcassets; sourceTree = "<group>"; };
		76B869AD2C67B3AA002866B9 /* Base */ = {isa = PBXFileReference; lastKnownFileType = file.storyboard; name = Base; path = Base.lproj/LaunchScreen.storyboard; sourceTree = "<group>"; };
		76B869AF2C67B3AA002866B9 /* Info.plist */ = {isa = PBXFileReference; lastKnownFileType = text.plist.xml; path = Info.plist; sourceTree = "<group>"; };
		76B869BC2C67B8D3002866B9 /* LaunchViewController.swift */ = {isa = PBXFileReference; lastKnownFileType = sourcecode.swift; path = LaunchViewController.swift; sourceTree = "<group>"; };
		76B869BE2C67B93C002866B9 /* StartViewController.swift */ = {isa = PBXFileReference; lastKnownFileType = sourcecode.swift; path = StartViewController.swift; sourceTree = "<group>"; };
		76B869CC2C67CDFC002866B9 /* gradient_skyline_blinking_stars.gif */ = {isa = PBXFileReference; lastKnownFileType = image.gif; path = gradient_skyline_blinking_stars.gif; sourceTree = "<group>"; };
		7A27C3F833B9F95DF63F4D42 /* Pods-MoodScape.release.xcconfig */ = {isa = PBXFileReference; includeInIndex = 1; lastKnownFileType = text.xcconfig; name = "Pods-MoodScape.release.xcconfig"; path = "Target Support Files/Pods-MoodScape/Pods-MoodScape.release.xcconfig"; sourceTree = "<group>"; };
		934198394D6E1E25CC7E5A5C /* Pods_MoodScape.framework */ = {isa = PBXFileReference; explicitFileType = wrapper.framework; includeInIndex = 0; path = Pods_MoodScape.framework; sourceTree = BUILT_PRODUCTS_DIR; };
		CC1BC4BC73FD92CE5543BE7E /* Pods-MoodScape.debug.xcconfig */ = {isa = PBXFileReference; includeInIndex = 1; lastKnownFileType = text.xcconfig; name = "Pods-MoodScape.debug.xcconfig"; path = "Target Support Files/Pods-MoodScape/Pods-MoodScape.debug.xcconfig"; sourceTree = "<group>"; };
/* End PBXFileReference section */

/* Begin PBXFrameworksBuildPhase section */
		76B8699B2C67B3A9002866B9 /* Frameworks */ = {
			isa = PBXFrameworksBuildPhase;
			buildActionMask = 2147483647;
			files = (
				CE050D9F852DA1814AF749C4 /* Pods_MoodScape.framework in Frameworks */,
			);
			runOnlyForDeploymentPostprocessing = 0;
		};
/* End PBXFrameworksBuildPhase section */

/* Begin PBXGroup section */
		3B12F5DC2349B3EFB01D1828 /* Frameworks */ = {
			isa = PBXGroup;
			children = (
				934198394D6E1E25CC7E5A5C /* Pods_MoodScape.framework */,
			);
			name = Frameworks;
			sourceTree = "<group>";
		};
		76B869952C67B3A9002866B9 = {
			isa = PBXGroup;
			children = (
				76B869A02C67B3A9002866B9 /* MoodScape */,
				76B8699F2C67B3A9002866B9 /* Products */,
				BC465058499E8DE89A17D7BE /* Pods */,
				3B12F5DC2349B3EFB01D1828 /* Frameworks */,
			);
			sourceTree = "<group>";
		};
		76B8699F2C67B3A9002866B9 /* Products */ = {
			isa = PBXGroup;
			children = (
				76B8699E2C67B3A9002866B9 /* MoodScape.app */,
			);
			name = Products;
			sourceTree = "<group>";
		};
		76B869A02C67B3A9002866B9 /* MoodScape */ = {
			isa = PBXGroup;
			children = (
				76B869B52C67B3B4002866B9 /* App */,
				76B869B62C67B3D3002866B9 /* Controllers */,
				76B869B82C67B3F0002866B9 /* Models */,
				76B869BB2C67B42B002866B9 /* Services */,
				76B869B92C67B3FE002866B9 /* Tests */,
				76B869A52C67B3A9002866B9 /* ViewController.swift */,
				76B869A72C67B3A9002866B9 /* Main.storyboard */,
				76B869AA2C67B3AA002866B9 /* Assets.xcassets */,
				76B869CC2C67CDFC002866B9 /* gradient_skyline_blinking_stars.gif */,
				76B869AC2C67B3AA002866B9 /* LaunchScreen.storyboard */,
				76B869AF2C67B3AA002866B9 /* Info.plist */,
			);
			path = MoodScape;
			sourceTree = "<group>";
		};
		76B869B52C67B3B4002866B9 /* App */ = {
			isa = PBXGroup;
			children = (
				76B869A12C67B3A9002866B9 /* AppDelegate.swift */,
				76B869A32C67B3A9002866B9 /* SceneDelegate.swift */,
			);
			path = App;
			sourceTree = "<group>";
		};
		76B869B62C67B3D3002866B9 /* Controllers */ = {
			isa = PBXGroup;
			children = (
				76B869BC2C67B8D3002866B9 /* LaunchViewController.swift */,
				76B869BE2C67B93C002866B9 /* StartViewController.swift */,
				764FDE322C696E990060A428 /* RegistrationViewController.swift */,
				764FDE372C6983040060A428 /* LoginViewController.swift */,
				764FDE342C697C230060A428 /* BaseView.swift */,
			);
			path = Controllers;
			sourceTree = "<group>";
		};
		76B869B82C67B3F0002866B9 /* Models */ = {
			isa = PBXGroup;
			children = (
				764FDE2E2C695EA60060A428 /* User.swift */,
			);
			path = Models;
			sourceTree = "<group>";
		};
		76B869B92C67B3FE002866B9 /* Tests */ = {
			isa = PBXGroup;
			children = (
			);
			path = Tests;
			sourceTree = "<group>";
		};
		76B869BB2C67B42B002866B9 /* Services */ = {
			isa = PBXGroup;
			children = (
			);
			path = Services;
			sourceTree = "<group>";
		};
		BC465058499E8DE89A17D7BE /* Pods */ = {
			isa = PBXGroup;
			children = (
				CC1BC4BC73FD92CE5543BE7E /* Pods-MoodScape.debug.xcconfig */,
				7A27C3F833B9F95DF63F4D42 /* Pods-MoodScape.release.xcconfig */,
			);
			path = Pods;
			sourceTree = "<group>";
		};
/* End PBXGroup section */

/* Begin PBXNativeTarget section */
		76B8699D2C67B3A9002866B9 /* MoodScape */ = {
			isa = PBXNativeTarget;
			buildConfigurationList = 76B869B22C67B3AA002866B9 /* Build configuration list for PBXNativeTarget "MoodScape" */;
			buildPhases = (
				A9C0ACA3FAF5535871D3B7AA /* [CP] Check Pods Manifest.lock */,
				76B8699A2C67B3A9002866B9 /* Sources */,
				76B8699B2C67B3A9002866B9 /* Frameworks */,
				76B8699C2C67B3A9002866B9 /* Resources */,
				7B6082A80D57BE33B76B1E4D /* [CP] Embed Pods Frameworks */,
			);
			buildRules = (
			);
			dependencies = (
			);
			name = MoodScape;
			productName = MoodScape;
			productReference = 76B8699E2C67B3A9002866B9 /* MoodScape.app */;
			productType = "com.apple.product-type.application";
		};
/* End PBXNativeTarget section */

/* Begin PBXProject section */
		76B869962C67B3A9002866B9 /* Project object */ = {
			isa = PBXProject;
			attributes = {
				BuildIndependentTargetsInParallel = 1;
				LastSwiftUpdateCheck = 1430;
				LastUpgradeCheck = 1430;
				TargetAttributes = {
					76B8699D2C67B3A9002866B9 = {
						CreatedOnToolsVersion = 14.3.1;
					};
				};
			};
			buildConfigurationList = 76B869992C67B3A9002866B9 /* Build configuration list for PBXProject "MoodScape" */;
			compatibilityVersion = "Xcode 14.0";
			developmentRegion = en;
			hasScannedForEncodings = 0;
			knownRegions = (
				en,
				Base,
			);
			mainGroup = 76B869952C67B3A9002866B9;
			productRefGroup = 76B8699F2C67B3A9002866B9 /* Products */;
			projectDirPath = "";
			projectRoot = "";
			targets = (
				76B8699D2C67B3A9002866B9 /* MoodScape */,
			);
		};
/* End PBXProject section */

/* Begin PBXResourcesBuildPhase section */
		76B8699C2C67B3A9002866B9 /* Resources */ = {
			isa = PBXResourcesBuildPhase;
			buildActionMask = 2147483647;
			files = (
				76B869CD2C67CDFC002866B9 /* gradient_skyline_blinking_stars.gif in Resources */,
				76B869AE2C67B3AA002866B9 /* LaunchScreen.storyboard in Resources */,
				76B869AB2C67B3AA002866B9 /* Assets.xcassets in Resources */,
				76B869A92C67B3A9002866B9 /* Main.storyboard in Resources */,
			);
			runOnlyForDeploymentPostprocessing = 0;
		};
/* End PBXResourcesBuildPhase section */

/* Begin PBXShellScriptBuildPhase section */
		7B6082A80D57BE33B76B1E4D /* [CP] Embed Pods Frameworks */ = {
			isa = PBXShellScriptBuildPhase;
			buildActionMask = 2147483647;
			files = (
			);
			inputFileListPaths = (
				"${PODS_ROOT}/Target Support Files/Pods-MoodScape/Pods-MoodScape-frameworks-${CONFIGURATION}-input-files.xcfilelist",
			);
			name = "[CP] Embed Pods Frameworks";
			outputFileListPaths = (
				"${PODS_ROOT}/Target Support Files/Pods-MoodScape/Pods-MoodScape-frameworks-${CONFIGURATION}-output-files.xcfilelist",
			);
			runOnlyForDeploymentPostprocessing = 0;
			shellPath = /bin/sh;
			shellScript = "\"${PODS_ROOT}/Target Support Files/Pods-MoodScape/Pods-MoodScape-frameworks.sh\"\n";
			showEnvVarsInLog = 0;
		};
		A9C0ACA3FAF5535871D3B7AA /* [CP] Check Pods Manifest.lock */ = {
			isa = PBXShellScriptBuildPhase;
			buildActionMask = 2147483647;
			files = (
			);
			inputFileListPaths = (
			);
			inputPaths = (
				"${PODS_PODFILE_DIR_PATH}/Podfile.lock",
				"${PODS_ROOT}/Manifest.lock",
			);
			name = "[CP] Check Pods Manifest.lock";
			outputFileListPaths = (
			);
			outputPaths = (
				"$(DERIVED_FILE_DIR)/Pods-MoodScape-checkManifestLockResult.txt",
			);
			runOnlyForDeploymentPostprocessing = 0;
			shellPath = /bin/sh;
			shellScript = "diff \"${PODS_PODFILE_DIR_PATH}/Podfile.lock\" \"${PODS_ROOT}/Manifest.lock\" > /dev/null\nif [ $? != 0 ] ; then\n    # print error to STDERR\n    echo \"error: The sandbox is not in sync with the Podfile.lock. Run 'pod install' or update your CocoaPods installation.\" >&2\n    exit 1\nfi\n# This output is used by Xcode 'outputs' to avoid re-running this script phase.\necho \"SUCCESS\" > \"${SCRIPT_OUTPUT_FILE_0}\"\n";
			showEnvVarsInLog = 0;
		};
/* End PBXShellScriptBuildPhase section */

/* Begin PBXSourcesBuildPhase section */
		76B8699A2C67B3A9002866B9 /* Sources */ = {
			isa = PBXSourcesBuildPhase;
			buildActionMask = 2147483647;
			files = (
				764FDE382C6983040060A428 /* LoginViewController.swift in Sources */,
				76B869A62C67B3A9002866B9 /* ViewController.swift in Sources */,
				76B869A22C67B3A9002866B9 /* AppDelegate.swift in Sources */,
				764FDE2F2C695EA60060A428 /* User.swift in Sources */,
				76B869A42C67B3A9002866B9 /* SceneDelegate.swift in Sources */,
				764FDE332C696E990060A428 /* RegistrationViewController.swift in Sources */,
				76B869BF2C67B93C002866B9 /* StartViewController.swift in Sources */,
				76B869BD2C67B8D3002866B9 /* LaunchViewController.swift in Sources */,
				764FDE352C697C230060A428 /* BaseView.swift in Sources */,
			);
			runOnlyForDeploymentPostprocessing = 0;
		};
/* End PBXSourcesBuildPhase section */

/* Begin PBXVariantGroup section */
		76B869A72C67B3A9002866B9 /* Main.storyboard */ = {
			isa = PBXVariantGroup;
			children = (
				76B869A82C67B3A9002866B9 /* Base */,
			);
			name = Main.storyboard;
			sourceTree = "<group>";
		};
		76B869AC2C67B3AA002866B9 /* LaunchScreen.storyboard */ = {
			isa = PBXVariantGroup;
			children = (
				76B869AD2C67B3AA002866B9 /* Base */,
			);
			name = LaunchScreen.storyboard;
			sourceTree = "<group>";
		};
/* End PBXVariantGroup section */

/* Begin XCBuildConfiguration section */
		76B869B02C67B3AA002866B9 /* Debug */ = {
			isa = XCBuildConfiguration;
			buildSettings = {
				ALWAYS_SEARCH_USER_PATHS = NO;
				CLANG_ANALYZER_NONNULL = YES;
				CLANG_ANALYZER_NUMBER_OBJECT_CONVERSION = YES_AGGRESSIVE;
				CLANG_CXX_LANGUAGE_STANDARD = "gnu++20";
				CLANG_ENABLE_MODULES = YES;
				CLANG_ENABLE_OBJC_ARC = YES;
				CLANG_ENABLE_OBJC_WEAK = YES;
				CLANG_WARN_BLOCK_CAPTURE_AUTORELEASING = YES;
				CLANG_WARN_BOOL_CONVERSION = YES;
				CLANG_WARN_COMMA = YES;
				CLANG_WARN_CONSTANT_CONVERSION = YES;
				CLANG_WARN_DEPRECATED_OBJC_IMPLEMENTATIONS = YES;
				CLANG_WARN_DIRECT_OBJC_ISA_USAGE = YES_ERROR;
				CLANG_WARN_DOCUMENTATION_COMMENTS = YES;
				CLANG_WARN_EMPTY_BODY = YES;
				CLANG_WARN_ENUM_CONVERSION = YES;
				CLANG_WARN_INFINITE_RECURSION = YES;
				CLANG_WARN_INT_CONVERSION = YES;
				CLANG_WARN_NON_LITERAL_NULL_CONVERSION = YES;
				CLANG_WARN_OBJC_IMPLICIT_RETAIN_SELF = YES;
				CLANG_WARN_OBJC_LITERAL_CONVERSION = YES;
				CLANG_WARN_OBJC_ROOT_CLASS = YES_ERROR;
				CLANG_WARN_QUOTED_INCLUDE_IN_FRAMEWORK_HEADER = YES;
				CLANG_WARN_RANGE_LOOP_ANALYSIS = YES;
				CLANG_WARN_STRICT_PROTOTYPES = YES;
				CLANG_WARN_SUSPICIOUS_MOVE = YES;
				CLANG_WARN_UNGUARDED_AVAILABILITY = YES_AGGRESSIVE;
				CLANG_WARN_UNREACHABLE_CODE = YES;
				CLANG_WARN__DUPLICATE_METHOD_MATCH = YES;
				COPY_PHASE_STRIP = NO;
				DEBUG_INFORMATION_FORMAT = dwarf;
				ENABLE_STRICT_OBJC_MSGSEND = YES;
				ENABLE_TESTABILITY = YES;
				GCC_C_LANGUAGE_STANDARD = gnu11;
				GCC_DYNAMIC_NO_PIC = NO;
				GCC_NO_COMMON_BLOCKS = YES;
				GCC_OPTIMIZATION_LEVEL = 0;
				GCC_PREPROCESSOR_DEFINITIONS = (
					"DEBUG=1",
					"$(inherited)",
				);
				GCC_WARN_64_TO_32_BIT_CONVERSION = YES;
				GCC_WARN_ABOUT_RETURN_TYPE = YES_ERROR;
				GCC_WARN_UNDECLARED_SELECTOR = YES;
				GCC_WARN_UNINITIALIZED_AUTOS = YES_AGGRESSIVE;
				GCC_WARN_UNUSED_FUNCTION = YES;
				GCC_WARN_UNUSED_VARIABLE = YES;
				IPHONEOS_DEPLOYMENT_TARGET = 16.4;
				MTL_ENABLE_DEBUG_INFO = INCLUDE_SOURCE;
				MTL_FAST_MATH = YES;
				ONLY_ACTIVE_ARCH = YES;
				SDKROOT = iphoneos;
				SWIFT_ACTIVE_COMPILATION_CONDITIONS = DEBUG;
				SWIFT_OPTIMIZATION_LEVEL = "-Onone";
			};
			name = Debug;
		};
		76B869B12C67B3AA002866B9 /* Release */ = {
			isa = XCBuildConfiguration;
			buildSettings = {
				ALWAYS_SEARCH_USER_PATHS = NO;
				CLANG_ANALYZER_NONNULL = YES;
				CLANG_ANALYZER_NUMBER_OBJECT_CONVERSION = YES_AGGRESSIVE;
				CLANG_CXX_LANGUAGE_STANDARD = "gnu++20";
				CLANG_ENABLE_MODULES = YES;
				CLANG_ENABLE_OBJC_ARC = YES;
				CLANG_ENABLE_OBJC_WEAK = YES;
				CLANG_WARN_BLOCK_CAPTURE_AUTORELEASING = YES;
				CLANG_WARN_BOOL_CONVERSION = YES;
				CLANG_WARN_COMMA = YES;
				CLANG_WARN_CONSTANT_CONVERSION = YES;
				CLANG_WARN_DEPRECATED_OBJC_IMPLEMENTATIONS = YES;
				CLANG_WARN_DIRECT_OBJC_ISA_USAGE = YES_ERROR;
				CLANG_WARN_DOCUMENTATION_COMMENTS = YES;
				CLANG_WARN_EMPTY_BODY = YES;
				CLANG_WARN_ENUM_CONVERSION = YES;
				CLANG_WARN_INFINITE_RECURSION = YES;
				CLANG_WARN_INT_CONVERSION = YES;
				CLANG_WARN_NON_LITERAL_NULL_CONVERSION = YES;
				CLANG_WARN_OBJC_IMPLICIT_RETAIN_SELF = YES;
				CLANG_WARN_OBJC_LITERAL_CONVERSION = YES;
				CLANG_WARN_OBJC_ROOT_CLASS = YES_ERROR;
				CLANG_WARN_QUOTED_INCLUDE_IN_FRAMEWORK_HEADER = YES;
				CLANG_WARN_RANGE_LOOP_ANALYSIS = YES;
				CLANG_WARN_STRICT_PROTOTYPES = YES;
				CLANG_WARN_SUSPICIOUS_MOVE = YES;
				CLANG_WARN_UNGUARDED_AVAILABILITY = YES_AGGRESSIVE;
				CLANG_WARN_UNREACHABLE_CODE = YES;
				CLANG_WARN__DUPLICATE_METHOD_MATCH = YES;
				COPY_PHASE_STRIP = NO;
				DEBUG_INFORMATION_FORMAT = "dwarf-with-dsym";
				ENABLE_NS_ASSERTIONS = NO;
				ENABLE_STRICT_OBJC_MSGSEND = YES;
				GCC_C_LANGUAGE_STANDARD = gnu11;
				GCC_NO_COMMON_BLOCKS = YES;
				GCC_WARN_64_TO_32_BIT_CONVERSION = YES;
				GCC_WARN_ABOUT_RETURN_TYPE = YES_ERROR;
				GCC_WARN_UNDECLARED_SELECTOR = YES;
				GCC_WARN_UNINITIALIZED_AUTOS = YES_AGGRESSIVE;
				GCC_WARN_UNUSED_FUNCTION = YES;
				GCC_WARN_UNUSED_VARIABLE = YES;
				IPHONEOS_DEPLOYMENT_TARGET = 16.4;
				MTL_ENABLE_DEBUG_INFO = NO;
				MTL_FAST_MATH = YES;
				SDKROOT = iphoneos;
				SWIFT_COMPILATION_MODE = wholemodule;
				SWIFT_OPTIMIZATION_LEVEL = "-O";
				VALIDATE_PRODUCT = YES;
			};
			name = Release;
		};
		76B869B32C67B3AA002866B9 /* Debug */ = {
			isa = XCBuildConfiguration;
			baseConfigurationReference = CC1BC4BC73FD92CE5543BE7E /* Pods-MoodScape.debug.xcconfig */;
			buildSettings = {
				ASSETCATALOG_COMPILER_APPICON_NAME = AppIcon;
				ASSETCATALOG_COMPILER_GLOBAL_ACCENT_COLOR_NAME = AccentColor;
				CODE_SIGN_STYLE = Automatic;
				CURRENT_PROJECT_VERSION = 1;
				DEVELOPMENT_TEAM = X5NCF7XSCG;
				GENERATE_INFOPLIST_FILE = YES;
				INFOPLIST_FILE = MoodScape/Info.plist;
				INFOPLIST_KEY_UIApplicationSupportsIndirectInputEvents = YES;
				INFOPLIST_KEY_UILaunchStoryboardName = LaunchScreen;
				INFOPLIST_KEY_UIMainStoryboardFile = Main;
				INFOPLIST_KEY_UISupportedInterfaceOrientations_iPad = "UIInterfaceOrientationPortrait UIInterfaceOrientationPortraitUpsideDown UIInterfaceOrientationLandscapeLeft UIInterfaceOrientationLandscapeRight";
				INFOPLIST_KEY_UISupportedInterfaceOrientations_iPhone = "UIInterfaceOrientationPortrait UIInterfaceOrientationLandscapeLeft UIInterfaceOrientationLandscapeRight";
				LD_RUNPATH_SEARCH_PATHS = (
					"$(inherited)",
					"@executable_path/Frameworks",
				);
				MARKETING_VERSION = 1.0;
				PRODUCT_BUNDLE_IDENTIFIER = o1gab.MoodScape;
				PRODUCT_NAME = "$(TARGET_NAME)";
				SWIFT_EMIT_LOC_STRINGS = YES;
				SWIFT_VERSION = 5.0;
				TARGETED_DEVICE_FAMILY = "1,2";
			};
			name = Debug;
		};
		76B869B42C67B3AA002866B9 /* Release */ = {
			isa = XCBuildConfiguration;
			baseConfigurationReference = 7A27C3F833B9F95DF63F4D42 /* Pods-MoodScape.release.xcconfig */;
			buildSettings = {
				ASSETCATALOG_COMPILER_APPICON_NAME = AppIcon;
				ASSETCATALOG_COMPILER_GLOBAL_ACCENT_COLOR_NAME = AccentColor;
				CODE_SIGN_STYLE = Automatic;
				CURRENT_PROJECT_VERSION = 1;
				DEVELOPMENT_TEAM = X5NCF7XSCG;
				GENERATE_INFOPLIST_FILE = YES;
				INFOPLIST_FILE = MoodScape/Info.plist;
				INFOPLIST_KEY_UIApplicationSupportsIndirectInputEvents = YES;
				INFOPLIST_KEY_UILaunchStoryboardName = LaunchScreen;
				INFOPLIST_KEY_UIMainStoryboardFile = Main;
				INFOPLIST_KEY_UISupportedInterfaceOrientations_iPad = "UIInterfaceOrientationPortrait UIInterfaceOrientationPortraitUpsideDown UIInterfaceOrientationLandscapeLeft UIInterfaceOrientationLandscapeRight";
				INFOPLIST_KEY_UISupportedInterfaceOrientations_iPhone = "UIInterfaceOrientationPortrait UIInterfaceOrientationLandscapeLeft UIInterfaceOrientationLandscapeRight";
				LD_RUNPATH_SEARCH_PATHS = (
					"$(inherited)",
					"@executable_path/Frameworks",
				);
				MARKETING_VERSION = 1.0;
				PRODUCT_BUNDLE_IDENTIFIER = o1gab.MoodScape;
				PRODUCT_NAME = "$(TARGET_NAME)";
				SWIFT_EMIT_LOC_STRINGS = YES;
				SWIFT_VERSION = 5.0;
				TARGETED_DEVICE_FAMILY = "1,2";
			};
			name = Release;
		};
/* End XCBuildConfiguration section */

/* Begin XCConfigurationList section */
		76B869992C67B3A9002866B9 /* Build configuration list for PBXProject "MoodScape" */ = {
			isa = XCConfigurationList;
			buildConfigurations = (
				76B869B02C67B3AA002866B9 /* Debug */,
				76B869B12C67B3AA002866B9 /* Release */,
			);
			defaultConfigurationIsVisible = 0;
			defaultConfigurationName = Release;
		};
		76B869B22C67B3AA002866B9 /* Build configuration list for PBXNativeTarget "MoodScape" */ = {
			isa = XCConfigurationList;
			buildConfigurations = (
				76B869B32C67B3AA002866B9 /* Debug */,
				76B869B42C67B3AA002866B9 /* Release */,
			);
			defaultConfigurationIsVisible = 0;
			defaultConfigurationName = Release;
		};
/* End XCConfigurationList section */
	};
	rootObject = 76B869962C67B3A9002866B9 /* Project object */;
}
