// !$*UTF8*$!
{
	archiveVersion = 1;
	classes = {
	};
	objectVersion = 56;
	objects = {

/* Begin PBXBuildFile section */
		761350292C70166A009A3F40 /* ProfileSetup.swift in Sources */ = {isa = PBXBuildFile; fileRef = 761350282C70166A009A3F40 /* ProfileSetup.swift */; };
		7616BD752C7E33800083D227 /* CustomTabBar.swift in Sources */ = {isa = PBXBuildFile; fileRef = 7616BD742C7E33800083D227 /* CustomTabBar.swift */; };
		7616BD772C7E33AF0083D227 /* custom_tabbar.png in Resources */ = {isa = PBXBuildFile; fileRef = 7616BD762C7E33AF0083D227 /* custom_tabbar.png */; };
		76401AD52C76B4530035C7FA /* ContactView.swift in Sources */ = {isa = PBXBuildFile; fileRef = 76401AD42C76B4530035C7FA /* ContactView.swift */; };
		764E2A2B2C78195F00785104 /* blinking_stars.gif in Resources */ = {isa = PBXBuildFile; fileRef = 764E2A2A2C78195F00785104 /* blinking_stars.gif */; };
		764E2A2E2C78229A00785104 /* StartSetupViewController.swift in Sources */ = {isa = PBXBuildFile; fileRef = 764E2A2D2C78229A00785104 /* StartSetupViewController.swift */; };
		764E2A302C7846CB00785104 /* UserSetupViewController.swift in Sources */ = {isa = PBXBuildFile; fileRef = 764E2A2F2C7846CB00785104 /* UserSetupViewController.swift */; };
		764E2A322C788ACE00785104 /* ImageSetupViewController.swift in Sources */ = {isa = PBXBuildFile; fileRef = 764E2A312C788ACE00785104 /* ImageSetupViewController.swift */; };
		764E2A342C788B5300785104 /* SetupBaseView.swift in Sources */ = {isa = PBXBuildFile; fileRef = 764E2A332C788B5300785104 /* SetupBaseView.swift */; };
		764E2A362C78D80200785104 /* SpotifySetupViewController.swift in Sources */ = {isa = PBXBuildFile; fileRef = 764E2A352C78D80200785104 /* SpotifySetupViewController.swift */; };
		764E2A382C7939EE00785104 /* MusicSetupViewController.swift in Sources */ = {isa = PBXBuildFile; fileRef = 764E2A372C7939EE00785104 /* MusicSetupViewController.swift */; };
		764FDE2F2C695EA60060A428 /* User.swift in Sources */ = {isa = PBXBuildFile; fileRef = 764FDE2E2C695EA60060A428 /* User.swift */; };
		764FDE332C696E990060A428 /* RegistrationViewController.swift in Sources */ = {isa = PBXBuildFile; fileRef = 764FDE322C696E990060A428 /* RegistrationViewController.swift */; };
		764FDE352C697C230060A428 /* StartBaseView.swift in Sources */ = {isa = PBXBuildFile; fileRef = 764FDE342C697C230060A428 /* StartBaseView.swift */; };
		764FDE382C6983040060A428 /* LoginViewController.swift in Sources */ = {isa = PBXBuildFile; fileRef = 764FDE372C6983040060A428 /* LoginViewController.swift */; };
		764FDE3C2C6989730060A428 /* Main.storyboard in Resources */ = {isa = PBXBuildFile; fileRef = 764FDE3B2C6989730060A428 /* Main.storyboard */; };
		766485482C6A13AD00AA050A /* ProfileViewController.swift in Sources */ = {isa = PBXBuildFile; fileRef = 766485472C6A13AD00AA050A /* ProfileViewController.swift */; };
		7664854D2C6A1AAF00AA050A /* GoogleService-Info.plist in Resources */ = {isa = PBXBuildFile; fileRef = 7664854C2C6A1AAF00AA050A /* GoogleService-Info.plist */; };
		7664854F2C6AD34000AA050A /* View.xib in Resources */ = {isa = PBXBuildFile; fileRef = 7664854E2C6AD34000AA050A /* View.xib */; };
		766485572C6B98CB00AA050A /* ValidationExtensions.swift in Sources */ = {isa = PBXBuildFile; fileRef = 766485562C6B98CB00AA050A /* ValidationExtensions.swift */; };
		7664855C2C6C447E00AA050A /* MainTabBarController.swift in Sources */ = {isa = PBXBuildFile; fileRef = 7664855B2C6C447E00AA050A /* MainTabBarController.swift */; };
		7664855E2C6C46A700AA050A /* SocialViewController.swift in Sources */ = {isa = PBXBuildFile; fileRef = 7664855D2C6C46A700AA050A /* SocialViewController.swift */; };
		766485602C6C471D00AA050A /* MainViewController.swift in Sources */ = {isa = PBXBuildFile; fileRef = 7664855F2C6C471D00AA050A /* MainViewController.swift */; };
		766485622C6C474F00AA050A /* StatsViewController.swift in Sources */ = {isa = PBXBuildFile; fileRef = 766485612C6C474F00AA050A /* StatsViewController.swift */; };
		766485642C6C479800AA050A /* FeedViewController.swift in Sources */ = {isa = PBXBuildFile; fileRef = 766485632C6C479800AA050A /* FeedViewController.swift */; };
		766485662C6C490400AA050A /* MainBaseView.swift in Sources */ = {isa = PBXBuildFile; fileRef = 766485652C6C490400AA050A /* MainBaseView.swift */; };
		766485682C6E4EFB00AA050A /* ProfileSetupViewController.swift in Sources */ = {isa = PBXBuildFile; fileRef = 766485672C6E4EFB00AA050A /* ProfileSetupViewController.swift */; };
		7664856A2C6E6E5600AA050A /* ButtonExtensions.swift in Sources */ = {isa = PBXBuildFile; fileRef = 766485692C6E6E5600AA050A /* ButtonExtensions.swift */; };
		7664856C2C6EB68500AA050A /* ViewExtensions.swift in Sources */ = {isa = PBXBuildFile; fileRef = 7664856B2C6EB68500AA050A /* ViewExtensions.swift */; };
		7664856F2C6EB8C000AA050A /* CircleItem.swift in Sources */ = {isa = PBXBuildFile; fileRef = 7664856E2C6EB8C000AA050A /* CircleItem.swift */; };
		766485742C6ED0BE00AA050A /* AlbumCollectionView.swift in Sources */ = {isa = PBXBuildFile; fileRef = 766485732C6ED0BE00AA050A /* AlbumCollectionView.swift */; };
		766485762C6ED52D00AA050A /* Album.swift in Sources */ = {isa = PBXBuildFile; fileRef = 766485752C6ED52D00AA050A /* Album.swift */; };
		766485792C6ED6E700AA050A /* SpotifyAuthenticationManager.swift in Sources */ = {isa = PBXBuildFile; fileRef = 766485782C6ED6E700AA050A /* SpotifyAuthenticationManager.swift */; };
		7664857B2C6ED79D00AA050A /* SpotifyAPIManager.swift in Sources */ = {isa = PBXBuildFile; fileRef = 7664857A2C6ED79D00AA050A /* SpotifyAPIManager.swift */; };
		7664857D2C6EF3C200AA050A /* MoodSelectionView.swift in Sources */ = {isa = PBXBuildFile; fileRef = 7664857C2C6EF3C200AA050A /* MoodSelectionView.swift */; };
		768536C92C7A84A000C35FF8 /* green_gradient.gif in Resources */ = {isa = PBXBuildFile; fileRef = 768536C82C7A84A000C35FF8 /* green_gradient.gif */; };
		768536CB2C7A893000C35FF8 /* GenreCell.swift in Sources */ = {isa = PBXBuildFile; fileRef = 768536CA2C7A893000C35FF8 /* GenreCell.swift */; };
		768536CD2C7A896800C35FF8 /* Genre.swift in Sources */ = {isa = PBXBuildFile; fileRef = 768536CC2C7A896800C35FF8 /* Genre.swift */; };
		768536D02C7A98C600C35FF8 /* ArtistsSetupViewController.swift in Sources */ = {isa = PBXBuildFile; fileRef = 768536CF2C7A98C600C35FF8 /* ArtistsSetupViewController.swift */; };
		768536D22C7AA8AD00C35FF8 /* ArtistCell.swift in Sources */ = {isa = PBXBuildFile; fileRef = 768536D12C7AA8AD00C35FF8 /* ArtistCell.swift */; };
		768536D42C7AA8DC00C35FF8 /* Artist.swift in Sources */ = {isa = PBXBuildFile; fileRef = 768536D32C7AA8DC00C35FF8 /* Artist.swift */; };
		76976C952C7401AE00D44DD3 /* SongCell.swift in Sources */ = {isa = PBXBuildFile; fileRef = 76976C942C7401AE00D44DD3 /* SongCell.swift */; };
		76976C9B2C74238A00D44DD3 /* SongCollectionView.swift in Sources */ = {isa = PBXBuildFile; fileRef = 76976C9A2C74238A00D44DD3 /* SongCollectionView.swift */; };
		76AAD3202C70F5EE00CBE3D8 /* ProfileBaseView.swift in Sources */ = {isa = PBXBuildFile; fileRef = 76AAD31F2C70F5EE00CBE3D8 /* ProfileBaseView.swift */; };
		76AAD3252C721C0300CBE3D8 /* AlbumDetailsViewController.swift in Sources */ = {isa = PBXBuildFile; fileRef = 76AAD3242C721C0300CBE3D8 /* AlbumDetailsViewController.swift */; };
		76AAD3272C72241A00CBE3D8 /* ImageExtensions.swift in Sources */ = {isa = PBXBuildFile; fileRef = 76AAD3262C72241A00CBE3D8 /* ImageExtensions.swift */; };
		76AAD3292C72263500CBE3D8 /* ColorExtensions.swift in Sources */ = {isa = PBXBuildFile; fileRef = 76AAD3282C72263500CBE3D8 /* ColorExtensions.swift */; };
		76AAD32C2C729DEA00CBE3D8 /* CirclesBackgroundView.swift in Sources */ = {isa = PBXBuildFile; fileRef = 76AAD32B2C729DEA00CBE3D8 /* CirclesBackgroundView.swift */; };
		76AAD3302C72A8A600CBE3D8 /* EmotionCell.swift in Sources */ = {isa = PBXBuildFile; fileRef = 76AAD32F2C72A8A600CBE3D8 /* EmotionCell.swift */; };
		76B645B82C7BFF8100ADC097 /* Song.swift in Sources */ = {isa = PBXBuildFile; fileRef = 76B645B72C7BFF8100ADC097 /* Song.swift */; };
		76B869A22C67B3A9002866B9 /* AppDelegate.swift in Sources */ = {isa = PBXBuildFile; fileRef = 76B869A12C67B3A9002866B9 /* AppDelegate.swift */; };
		76B869A42C67B3A9002866B9 /* SceneDelegate.swift in Sources */ = {isa = PBXBuildFile; fileRef = 76B869A32C67B3A9002866B9 /* SceneDelegate.swift */; };
		76B869AB2C67B3AA002866B9 /* Assets.xcassets in Resources */ = {isa = PBXBuildFile; fileRef = 76B869AA2C67B3AA002866B9 /* Assets.xcassets */; };
		76B869BD2C67B8D3002866B9 /* LaunchViewController.swift in Sources */ = {isa = PBXBuildFile; fileRef = 76B869BC2C67B8D3002866B9 /* LaunchViewController.swift */; };
		76B869BF2C67B93C002866B9 /* StartViewController.swift in Sources */ = {isa = PBXBuildFile; fileRef = 76B869BE2C67B93C002866B9 /* StartViewController.swift */; };
		76B869CD2C67CDFC002866B9 /* gradient_skyline_blinking_stars.gif in Resources */ = {isa = PBXBuildFile; fileRef = 76B869CC2C67CDFC002866B9 /* gradient_skyline_blinking_stars.gif */; };
		76E0C2702C6F9D7300DDA56B /* SettingsViewController.swift in Sources */ = {isa = PBXBuildFile; fileRef = 76E0C26F2C6F9D7300DDA56B /* SettingsViewController.swift */; };
		76F31B482C7B8C1400B65B72 /* EndSetupViewController.swift in Sources */ = {isa = PBXBuildFile; fileRef = 76F31B472C7B8C1400B65B72 /* EndSetupViewController.swift */; };
		76F31B4A2C7BCA7D00B65B72 /* ImageCache.swift in Sources */ = {isa = PBXBuildFile; fileRef = 76F31B492C7BCA7D00B65B72 /* ImageCache.swift */; };
		CE050D9F852DA1814AF749C4 /* Pods_MoodScape.framework in Frameworks */ = {isa = PBXBuildFile; fileRef = 934198394D6E1E25CC7E5A5C /* Pods_MoodScape.framework */; };
/* End PBXBuildFile section */

/* Begin PBXFileReference section */
		761350282C70166A009A3F40 /* ProfileSetup.swift */ = {isa = PBXFileReference; lastKnownFileType = sourcecode.swift; path = ProfileSetup.swift; sourceTree = "<group>"; };
		7616BD742C7E33800083D227 /* CustomTabBar.swift */ = {isa = PBXFileReference; lastKnownFileType = sourcecode.swift; path = CustomTabBar.swift; sourceTree = "<group>"; };
		7616BD762C7E33AF0083D227 /* custom_tabbar.png */ = {isa = PBXFileReference; lastKnownFileType = image.png; path = custom_tabbar.png; sourceTree = "<group>"; };
		76401AD42C76B4530035C7FA /* ContactView.swift */ = {isa = PBXFileReference; lastKnownFileType = sourcecode.swift; path = ContactView.swift; sourceTree = "<group>"; };
		764E2A2A2C78195F00785104 /* blinking_stars.gif */ = {isa = PBXFileReference; lastKnownFileType = image.gif; path = blinking_stars.gif; sourceTree = "<group>"; };
		764E2A2D2C78229A00785104 /* StartSetupViewController.swift */ = {isa = PBXFileReference; lastKnownFileType = sourcecode.swift; path = StartSetupViewController.swift; sourceTree = "<group>"; };
		764E2A2F2C7846CB00785104 /* UserSetupViewController.swift */ = {isa = PBXFileReference; lastKnownFileType = sourcecode.swift; path = UserSetupViewController.swift; sourceTree = "<group>"; };
		764E2A312C788ACE00785104 /* ImageSetupViewController.swift */ = {isa = PBXFileReference; lastKnownFileType = sourcecode.swift; path = ImageSetupViewController.swift; sourceTree = "<group>"; };
		764E2A332C788B5300785104 /* SetupBaseView.swift */ = {isa = PBXFileReference; lastKnownFileType = sourcecode.swift; path = SetupBaseView.swift; sourceTree = "<group>"; };
		764E2A352C78D80200785104 /* SpotifySetupViewController.swift */ = {isa = PBXFileReference; lastKnownFileType = sourcecode.swift; path = SpotifySetupViewController.swift; sourceTree = "<group>"; };
		764E2A372C7939EE00785104 /* MusicSetupViewController.swift */ = {isa = PBXFileReference; lastKnownFileType = sourcecode.swift; path = MusicSetupViewController.swift; sourceTree = "<group>"; };
		764FDE2E2C695EA60060A428 /* User.swift */ = {isa = PBXFileReference; lastKnownFileType = sourcecode.swift; path = User.swift; sourceTree = "<group>"; };
		764FDE322C696E990060A428 /* RegistrationViewController.swift */ = {isa = PBXFileReference; lastKnownFileType = sourcecode.swift; path = RegistrationViewController.swift; sourceTree = "<group>"; };
		764FDE342C697C230060A428 /* StartBaseView.swift */ = {isa = PBXFileReference; lastKnownFileType = sourcecode.swift; path = StartBaseView.swift; sourceTree = "<group>"; };
		764FDE372C6983040060A428 /* LoginViewController.swift */ = {isa = PBXFileReference; lastKnownFileType = sourcecode.swift; path = LoginViewController.swift; sourceTree = "<group>"; };
		764FDE3B2C6989730060A428 /* Main.storyboard */ = {isa = PBXFileReference; lastKnownFileType = file.storyboard; path = Main.storyboard; sourceTree = "<group>"; };
		766485472C6A13AD00AA050A /* ProfileViewController.swift */ = {isa = PBXFileReference; lastKnownFileType = sourcecode.swift; path = ProfileViewController.swift; sourceTree = "<group>"; };
		7664854C2C6A1AAF00AA050A /* GoogleService-Info.plist */ = {isa = PBXFileReference; fileEncoding = 4; lastKnownFileType = text.plist.xml; path = "GoogleService-Info.plist"; sourceTree = "<group>"; };
		7664854E2C6AD34000AA050A /* View.xib */ = {isa = PBXFileReference; lastKnownFileType = file.xib; path = View.xib; sourceTree = "<group>"; };
		766485502C6B898500AA050A /* FirebaseAuth.framework */ = {isa = PBXFileReference; explicitFileType = wrapper.framework; path = FirebaseAuth.framework; sourceTree = BUILT_PRODUCTS_DIR; };
		766485562C6B98CB00AA050A /* ValidationExtensions.swift */ = {isa = PBXFileReference; lastKnownFileType = sourcecode.swift; path = ValidationExtensions.swift; sourceTree = "<group>"; };
		7664855B2C6C447E00AA050A /* MainTabBarController.swift */ = {isa = PBXFileReference; lastKnownFileType = sourcecode.swift; path = MainTabBarController.swift; sourceTree = "<group>"; };
		7664855D2C6C46A700AA050A /* SocialViewController.swift */ = {isa = PBXFileReference; lastKnownFileType = sourcecode.swift; path = SocialViewController.swift; sourceTree = "<group>"; };
		7664855F2C6C471D00AA050A /* MainViewController.swift */ = {isa = PBXFileReference; lastKnownFileType = sourcecode.swift; path = MainViewController.swift; sourceTree = "<group>"; };
		766485612C6C474F00AA050A /* StatsViewController.swift */ = {isa = PBXFileReference; lastKnownFileType = sourcecode.swift; path = StatsViewController.swift; sourceTree = "<group>"; };
		766485632C6C479800AA050A /* FeedViewController.swift */ = {isa = PBXFileReference; lastKnownFileType = sourcecode.swift; path = FeedViewController.swift; sourceTree = "<group>"; };
		766485652C6C490400AA050A /* MainBaseView.swift */ = {isa = PBXFileReference; lastKnownFileType = sourcecode.swift; path = MainBaseView.swift; sourceTree = "<group>"; };
		766485672C6E4EFB00AA050A /* ProfileSetupViewController.swift */ = {isa = PBXFileReference; lastKnownFileType = sourcecode.swift; path = ProfileSetupViewController.swift; sourceTree = "<group>"; };
		766485692C6E6E5600AA050A /* ButtonExtensions.swift */ = {isa = PBXFileReference; lastKnownFileType = sourcecode.swift; path = ButtonExtensions.swift; sourceTree = "<group>"; };
		7664856B2C6EB68500AA050A /* ViewExtensions.swift */ = {isa = PBXFileReference; lastKnownFileType = sourcecode.swift; path = ViewExtensions.swift; sourceTree = "<group>"; };
		7664856E2C6EB8C000AA050A /* CircleItem.swift */ = {isa = PBXFileReference; lastKnownFileType = sourcecode.swift; path = CircleItem.swift; sourceTree = "<group>"; };
		766485732C6ED0BE00AA050A /* AlbumCollectionView.swift */ = {isa = PBXFileReference; lastKnownFileType = sourcecode.swift; path = AlbumCollectionView.swift; sourceTree = "<group>"; };
		766485752C6ED52D00AA050A /* Album.swift */ = {isa = PBXFileReference; lastKnownFileType = sourcecode.swift; path = Album.swift; sourceTree = "<group>"; };
		766485782C6ED6E700AA050A /* SpotifyAuthenticationManager.swift */ = {isa = PBXFileReference; lastKnownFileType = sourcecode.swift; path = SpotifyAuthenticationManager.swift; sourceTree = "<group>"; };
		7664857A2C6ED79D00AA050A /* SpotifyAPIManager.swift */ = {isa = PBXFileReference; lastKnownFileType = sourcecode.swift; path = SpotifyAPIManager.swift; sourceTree = "<group>"; };
		7664857C2C6EF3C200AA050A /* MoodSelectionView.swift */ = {isa = PBXFileReference; lastKnownFileType = sourcecode.swift; path = MoodSelectionView.swift; sourceTree = "<group>"; };
		768536C82C7A84A000C35FF8 /* green_gradient.gif */ = {isa = PBXFileReference; lastKnownFileType = image.gif; path = green_gradient.gif; sourceTree = "<group>"; };
		768536CA2C7A893000C35FF8 /* GenreCell.swift */ = {isa = PBXFileReference; lastKnownFileType = sourcecode.swift; path = GenreCell.swift; sourceTree = "<group>"; };
		768536CC2C7A896800C35FF8 /* Genre.swift */ = {isa = PBXFileReference; lastKnownFileType = sourcecode.swift; path = Genre.swift; sourceTree = "<group>"; };
		768536CF2C7A98C600C35FF8 /* ArtistsSetupViewController.swift */ = {isa = PBXFileReference; lastKnownFileType = sourcecode.swift; path = ArtistsSetupViewController.swift; sourceTree = "<group>"; };
		768536D12C7AA8AD00C35FF8 /* ArtistCell.swift */ = {isa = PBXFileReference; lastKnownFileType = sourcecode.swift; path = ArtistCell.swift; sourceTree = "<group>"; };
		768536D32C7AA8DC00C35FF8 /* Artist.swift */ = {isa = PBXFileReference; lastKnownFileType = sourcecode.swift; path = Artist.swift; sourceTree = "<group>"; };
		76976C942C7401AE00D44DD3 /* SongCell.swift */ = {isa = PBXFileReference; lastKnownFileType = sourcecode.swift; path = SongCell.swift; sourceTree = "<group>"; };
		76976C9A2C74238A00D44DD3 /* SongCollectionView.swift */ = {isa = PBXFileReference; lastKnownFileType = sourcecode.swift; path = SongCollectionView.swift; sourceTree = "<group>"; };
		76AAD31F2C70F5EE00CBE3D8 /* ProfileBaseView.swift */ = {isa = PBXFileReference; lastKnownFileType = sourcecode.swift; path = ProfileBaseView.swift; sourceTree = "<group>"; };
		76AAD3242C721C0300CBE3D8 /* AlbumDetailsViewController.swift */ = {isa = PBXFileReference; lastKnownFileType = sourcecode.swift; path = AlbumDetailsViewController.swift; sourceTree = "<group>"; };
		76AAD3262C72241A00CBE3D8 /* ImageExtensions.swift */ = {isa = PBXFileReference; lastKnownFileType = sourcecode.swift; path = ImageExtensions.swift; sourceTree = "<group>"; };
		76AAD3282C72263500CBE3D8 /* ColorExtensions.swift */ = {isa = PBXFileReference; lastKnownFileType = sourcecode.swift; path = ColorExtensions.swift; sourceTree = "<group>"; };
		76AAD32B2C729DEA00CBE3D8 /* CirclesBackgroundView.swift */ = {isa = PBXFileReference; lastKnownFileType = sourcecode.swift; path = CirclesBackgroundView.swift; sourceTree = "<group>"; };
		76AAD32F2C72A8A600CBE3D8 /* EmotionCell.swift */ = {isa = PBXFileReference; lastKnownFileType = sourcecode.swift; path = EmotionCell.swift; sourceTree = "<group>"; };
		76B645B72C7BFF8100ADC097 /* Song.swift */ = {isa = PBXFileReference; lastKnownFileType = sourcecode.swift; path = Song.swift; sourceTree = "<group>"; };
		76B8699E2C67B3A9002866B9 /* MoodScape.app */ = {isa = PBXFileReference; explicitFileType = wrapper.application; includeInIndex = 0; path = MoodScape.app; sourceTree = BUILT_PRODUCTS_DIR; };
		76B869A12C67B3A9002866B9 /* AppDelegate.swift */ = {isa = PBXFileReference; lastKnownFileType = sourcecode.swift; path = AppDelegate.swift; sourceTree = "<group>"; };
		76B869A32C67B3A9002866B9 /* SceneDelegate.swift */ = {isa = PBXFileReference; lastKnownFileType = sourcecode.swift; path = SceneDelegate.swift; sourceTree = "<group>"; };
		76B869AA2C67B3AA002866B9 /* Assets.xcassets */ = {isa = PBXFileReference; lastKnownFileType = folder.assetcatalog; path = Assets.xcassets; sourceTree = "<group>"; };
		76B869AF2C67B3AA002866B9 /* Info.plist */ = {isa = PBXFileReference; lastKnownFileType = text.plist.xml; path = Info.plist; sourceTree = "<group>"; };
		76B869BC2C67B8D3002866B9 /* LaunchViewController.swift */ = {isa = PBXFileReference; lastKnownFileType = sourcecode.swift; path = LaunchViewController.swift; sourceTree = "<group>"; };
		76B869BE2C67B93C002866B9 /* StartViewController.swift */ = {isa = PBXFileReference; lastKnownFileType = sourcecode.swift; path = StartViewController.swift; sourceTree = "<group>"; };
		76B869CC2C67CDFC002866B9 /* gradient_skyline_blinking_stars.gif */ = {isa = PBXFileReference; lastKnownFileType = image.gif; path = gradient_skyline_blinking_stars.gif; sourceTree = "<group>"; };
		76E0C26F2C6F9D7300DDA56B /* SettingsViewController.swift */ = {isa = PBXFileReference; lastKnownFileType = sourcecode.swift; path = SettingsViewController.swift; sourceTree = "<group>"; };
		76F31B472C7B8C1400B65B72 /* EndSetupViewController.swift */ = {isa = PBXFileReference; lastKnownFileType = sourcecode.swift; path = EndSetupViewController.swift; sourceTree = "<group>"; };
		76F31B492C7BCA7D00B65B72 /* ImageCache.swift */ = {isa = PBXFileReference; lastKnownFileType = sourcecode.swift; path = ImageCache.swift; sourceTree = "<group>"; };
		7A27C3F833B9F95DF63F4D42 /* Pods-MoodScape.release.xcconfig */ = {isa = PBXFileReference; includeInIndex = 1; lastKnownFileType = text.xcconfig; name = "Pods-MoodScape.release.xcconfig"; path = "Target Support Files/Pods-MoodScape/Pods-MoodScape.release.xcconfig"; sourceTree = "<group>"; };
		934198394D6E1E25CC7E5A5C /* Pods_MoodScape.framework */ = {isa = PBXFileReference; explicitFileType = wrapper.framework; includeInIndex = 0; path = Pods_MoodScape.framework; sourceTree = BUILT_PRODUCTS_DIR; };
		CC1BC4BC73FD92CE5543BE7E /* Pods-MoodScape.debug.xcconfig */ = {isa = PBXFileReference; includeInIndex = 1; lastKnownFileType = text.xcconfig; name = "Pods-MoodScape.debug.xcconfig"; path = "Target Support Files/Pods-MoodScape/Pods-MoodScape.debug.xcconfig"; sourceTree = "<group>"; };
/* End PBXFileReference section */

/* Begin PBXFrameworksBuildPhase section */
		76B8699B2C67B3A9002866B9 /* Frameworks */ = {
			isa = PBXFrameworksBuildPhase;
			buildActionMask = 2147483647;
			files = (
				CE050D9F852DA1814AF749C4 /* Pods_MoodScape.framework in Frameworks */,
			);
			runOnlyForDeploymentPostprocessing = 0;
		};
/* End PBXFrameworksBuildPhase section */

/* Begin PBXGroup section */
		3B12F5DC2349B3EFB01D1828 /* Frameworks */ = {
			isa = PBXGroup;
			children = (
				766485502C6B898500AA050A /* FirebaseAuth.framework */,
				934198394D6E1E25CC7E5A5C /* Pods_MoodScape.framework */,
			);
			name = Frameworks;
			sourceTree = "<group>";
		};
		7616BD7A2C7E7B4C0083D227 /* SocialView */ = {
			isa = PBXGroup;
			children = (
				7664855D2C6C46A700AA050A /* SocialViewController.swift */,
			);
			path = SocialView;
			sourceTree = "<group>";
		};
		7616BD7B2C7E7B6F0083D227 /* Images */ = {
			isa = PBXGroup;
			children = (
				7616BD762C7E33AF0083D227 /* custom_tabbar.png */,
				768536C82C7A84A000C35FF8 /* green_gradient.gif */,
				764E2A2A2C78195F00785104 /* blinking_stars.gif */,
				76B869CC2C67CDFC002866B9 /* gradient_skyline_blinking_stars.gif */,
			);
			path = Images;
			sourceTree = "<group>";
		};
		764E2A2C2C78221700785104 /* SetupView */ = {
			isa = PBXGroup;
			children = (
				764E2A2D2C78229A00785104 /* StartSetupViewController.swift */,
				764E2A2F2C7846CB00785104 /* UserSetupViewController.swift */,
				764E2A312C788ACE00785104 /* ImageSetupViewController.swift */,
				764E2A352C78D80200785104 /* SpotifySetupViewController.swift */,
				764E2A372C7939EE00785104 /* MusicSetupViewController.swift */,
				768536CF2C7A98C600C35FF8 /* ArtistsSetupViewController.swift */,
				76F31B472C7B8C1400B65B72 /* EndSetupViewController.swift */,
			);
			path = SetupView;
			sourceTree = "<group>";
		};
		766485462C6A127A00AA050A /* BaseViews */ = {
			isa = PBXGroup;
			children = (
				764E2A332C788B5300785104 /* SetupBaseView.swift */,
				764FDE342C697C230060A428 /* StartBaseView.swift */,
				766485652C6C490400AA050A /* MainBaseView.swift */,
				7664855B2C6C447E00AA050A /* MainTabBarController.swift */,
				76AAD31F2C70F5EE00CBE3D8 /* ProfileBaseView.swift */,
			);
			path = BaseViews;
			sourceTree = "<group>";
		};
		766485542C6B989F00AA050A /* Extensions */ = {
			isa = PBXGroup;
			children = (
				76F31B492C7BCA7D00B65B72 /* ImageCache.swift */,
				766485552C6B98A900AA050A /* AuthExtensions */,
				7664856B2C6EB68500AA050A /* ViewExtensions.swift */,
				761350282C70166A009A3F40 /* ProfileSetup.swift */,
				76AAD3262C72241A00CBE3D8 /* ImageExtensions.swift */,
				76AAD3282C72263500CBE3D8 /* ColorExtensions.swift */,
			);
			path = Extensions;
			sourceTree = "<group>";
		};
		766485552C6B98A900AA050A /* AuthExtensions */ = {
			isa = PBXGroup;
			children = (
				766485562C6B98CB00AA050A /* ValidationExtensions.swift */,
				766485692C6E6E5600AA050A /* ButtonExtensions.swift */,
			);
			path = AuthExtensions;
			sourceTree = "<group>";
		};
		7664855A2C6C446300AA050A /* MainView */ = {
			isa = PBXGroup;
			children = (
				7616BD7A2C7E7B4C0083D227 /* SocialView */,
				76AAD32A2C729DD000CBE3D8 /* MainView */,
				76AAD3232C721A0C00CBE3D8 /* FeedView */,
				766485612C6C474F00AA050A /* StatsViewController.swift */,
				7616BD742C7E33800083D227 /* CustomTabBar.swift */,
			);
			path = MainView;
			sourceTree = "<group>";
		};
		7664856D2C6EB8AF00AA050A /* Items */ = {
			isa = PBXGroup;
			children = (
				768536CE2C7A8B9000C35FF8 /* UICollectionViewItems */,
				76976C962C7401C300D44DD3 /* TableViewItems */,
				766485702C6EB8C900AA050A /* TabBarItems */,
			);
			path = Items;
			sourceTree = "<group>";
		};
		766485702C6EB8C900AA050A /* TabBarItems */ = {
			isa = PBXGroup;
			children = (
				7664856E2C6EB8C000AA050A /* CircleItem.swift */,
			);
			path = TabBarItems;
			sourceTree = "<group>";
		};
		766485772C6ED6C700AA050A /* SpotifyAPI */ = {
			isa = PBXGroup;
			children = (
				766485782C6ED6E700AA050A /* SpotifyAuthenticationManager.swift */,
				7664857A2C6ED79D00AA050A /* SpotifyAPIManager.swift */,
			);
			path = SpotifyAPI;
			sourceTree = "<group>";
		};
		768536CE2C7A8B9000C35FF8 /* UICollectionViewItems */ = {
			isa = PBXGroup;
			children = (
				768536CA2C7A893000C35FF8 /* GenreCell.swift */,
				768536D12C7AA8AD00C35FF8 /* ArtistCell.swift */,
			);
			path = UICollectionViewItems;
			sourceTree = "<group>";
		};
		76976C962C7401C300D44DD3 /* TableViewItems */ = {
			isa = PBXGroup;
			children = (
				76976C942C7401AE00D44DD3 /* SongCell.swift */,
			);
			path = TableViewItems;
			sourceTree = "<group>";
		};
		76AAD3212C72068800CBE3D8 /* ProfileView */ = {
			isa = PBXGroup;
			children = (
				766485472C6A13AD00AA050A /* ProfileViewController.swift */,
				766485672C6E4EFB00AA050A /* ProfileSetupViewController.swift */,
			);
			path = ProfileView;
			sourceTree = "<group>";
		};
		76AAD3222C7206A500CBE3D8 /* SettingsView */ = {
			isa = PBXGroup;
			children = (
				76E0C26F2C6F9D7300DDA56B /* SettingsViewController.swift */,
				76401AD42C76B4530035C7FA /* ContactView.swift */,
			);
			path = SettingsView;
			sourceTree = "<group>";
		};
		76AAD3232C721A0C00CBE3D8 /* FeedView */ = {
			isa = PBXGroup;
			children = (
				766485632C6C479800AA050A /* FeedViewController.swift */,
				766485732C6ED0BE00AA050A /* AlbumCollectionView.swift */,
				76AAD3242C721C0300CBE3D8 /* AlbumDetailsViewController.swift */,
				76976C9A2C74238A00D44DD3 /* SongCollectionView.swift */,
			);
			path = FeedView;
			sourceTree = "<group>";
		};
		76AAD32A2C729DD000CBE3D8 /* MainView */ = {
			isa = PBXGroup;
			children = (
				7664855F2C6C471D00AA050A /* MainViewController.swift */,
				7664857C2C6EF3C200AA050A /* MoodSelectionView.swift */,
				76AAD32B2C729DEA00CBE3D8 /* CirclesBackgroundView.swift */,
				76AAD32F2C72A8A600CBE3D8 /* EmotionCell.swift */,
			);
			path = MainView;
			sourceTree = "<group>";
		};
		76B869952C67B3A9002866B9 = {
			isa = PBXGroup;
			children = (
				76B869A02C67B3A9002866B9 /* MoodScape */,
				76B8699F2C67B3A9002866B9 /* Products */,
				BC465058499E8DE89A17D7BE /* Pods */,
				3B12F5DC2349B3EFB01D1828 /* Frameworks */,
			);
			sourceTree = "<group>";
		};
		76B8699F2C67B3A9002866B9 /* Products */ = {
			isa = PBXGroup;
			children = (
				76B8699E2C67B3A9002866B9 /* MoodScape.app */,
			);
			name = Products;
			sourceTree = "<group>";
		};
		76B869A02C67B3A9002866B9 /* MoodScape */ = {
			isa = PBXGroup;
			children = (
				766485772C6ED6C700AA050A /* SpotifyAPI */,
				76B869B52C67B3B4002866B9 /* App */,
				7664856D2C6EB8AF00AA050A /* Items */,
				766485542C6B989F00AA050A /* Extensions */,
				76B869B62C67B3D3002866B9 /* Controllers */,
				76B869B82C67B3F0002866B9 /* Models */,
				76B869BB2C67B42B002866B9 /* Services */,
				76B869B92C67B3FE002866B9 /* Tests */,
				7616BD7B2C7E7B6F0083D227 /* Images */,
				76B869AA2C67B3AA002866B9 /* Assets.xcassets */,
				764FDE3B2C6989730060A428 /* Main.storyboard */,
				76B869AF2C67B3AA002866B9 /* Info.plist */,
			);
			path = MoodScape;
			sourceTree = "<group>";
		};
		76B869B52C67B3B4002866B9 /* App */ = {
			isa = PBXGroup;
			children = (
				7664854C2C6A1AAF00AA050A /* GoogleService-Info.plist */,
				76B869A12C67B3A9002866B9 /* AppDelegate.swift */,
				76B869A32C67B3A9002866B9 /* SceneDelegate.swift */,
			);
			path = App;
			sourceTree = "<group>";
		};
		76B869B62C67B3D3002866B9 /* Controllers */ = {
			isa = PBXGroup;
			children = (
				764E2A2C2C78221700785104 /* SetupView */,
				76AAD3222C7206A500CBE3D8 /* SettingsView */,
				76AAD3212C72068800CBE3D8 /* ProfileView */,
				7664855A2C6C446300AA050A /* MainView */,
				766485462C6A127A00AA050A /* BaseViews */,
				764FDE372C6983040060A428 /* LoginViewController.swift */,
				764FDE322C696E990060A428 /* RegistrationViewController.swift */,
				76B869BE2C67B93C002866B9 /* StartViewController.swift */,
				76B869BC2C67B8D3002866B9 /* LaunchViewController.swift */,
				7664854E2C6AD34000AA050A /* View.xib */,
			);
			path = Controllers;
			sourceTree = "<group>";
		};
		76B869B82C67B3F0002866B9 /* Models */ = {
			isa = PBXGroup;
			children = (
				764FDE2E2C695EA60060A428 /* User.swift */,
				766485752C6ED52D00AA050A /* Album.swift */,
				768536CC2C7A896800C35FF8 /* Genre.swift */,
				768536D32C7AA8DC00C35FF8 /* Artist.swift */,
				76B645B72C7BFF8100ADC097 /* Song.swift */,
			);
			path = Models;
			sourceTree = "<group>";
		};
		76B869B92C67B3FE002866B9 /* Tests */ = {
			isa = PBXGroup;
			children = (
			);
			path = Tests;
			sourceTree = "<group>";
		};
		76B869BB2C67B42B002866B9 /* Services */ = {
			isa = PBXGroup;
			children = (
			);
			path = Services;
			sourceTree = "<group>";
		};
		BC465058499E8DE89A17D7BE /* Pods */ = {
			isa = PBXGroup;
			children = (
				CC1BC4BC73FD92CE5543BE7E /* Pods-MoodScape.debug.xcconfig */,
				7A27C3F833B9F95DF63F4D42 /* Pods-MoodScape.release.xcconfig */,
			);
			path = Pods;
			sourceTree = "<group>";
		};
/* End PBXGroup section */

/* Begin PBXNativeTarget section */
		76B8699D2C67B3A9002866B9 /* MoodScape */ = {
			isa = PBXNativeTarget;
			buildConfigurationList = 76B869B22C67B3AA002866B9 /* Build configuration list for PBXNativeTarget "MoodScape" */;
			buildPhases = (
				A9C0ACA3FAF5535871D3B7AA /* [CP] Check Pods Manifest.lock */,
				76B8699A2C67B3A9002866B9 /* Sources */,
				76B8699B2C67B3A9002866B9 /* Frameworks */,
				76B8699C2C67B3A9002866B9 /* Resources */,
				7B6082A80D57BE33B76B1E4D /* [CP] Embed Pods Frameworks */,
			);
			buildRules = (
			);
			dependencies = (
			);
			name = MoodScape;
			productName = MoodScape;
			productReference = 76B8699E2C67B3A9002866B9 /* MoodScape.app */;
			productType = "com.apple.product-type.application";
		};
/* End PBXNativeTarget section */

/* Begin PBXProject section */
		76B869962C67B3A9002866B9 /* Project object */ = {
			isa = PBXProject;
			attributes = {
				BuildIndependentTargetsInParallel = 1;
				LastSwiftUpdateCheck = 1430;
				LastUpgradeCheck = 1430;
				TargetAttributes = {
					76B8699D2C67B3A9002866B9 = {
						CreatedOnToolsVersion = 14.3.1;
					};
				};
			};
			buildConfigurationList = 76B869992C67B3A9002866B9 /* Build configuration list for PBXProject "MoodScape" */;
			compatibilityVersion = "Xcode 14.0";
			developmentRegion = en;
			hasScannedForEncodings = 0;
			knownRegions = (
				en,
				Base,
			);
			mainGroup = 76B869952C67B3A9002866B9;
			productRefGroup = 76B8699F2C67B3A9002866B9 /* Products */;
			projectDirPath = "";
			projectRoot = "";
			targets = (
				76B8699D2C67B3A9002866B9 /* MoodScape */,
			);
		};
/* End PBXProject section */

/* Begin PBXResourcesBuildPhase section */
		76B8699C2C67B3A9002866B9 /* Resources */ = {
			isa = PBXResourcesBuildPhase;
			buildActionMask = 2147483647;
			files = (
				764FDE3C2C6989730060A428 /* Main.storyboard in Resources */,
				7664854F2C6AD34000AA050A /* View.xib in Resources */,
				7616BD772C7E33AF0083D227 /* custom_tabbar.png in Resources */,
				768536C92C7A84A000C35FF8 /* green_gradient.gif in Resources */,
				7664854D2C6A1AAF00AA050A /* GoogleService-Info.plist in Resources */,
				76B869CD2C67CDFC002866B9 /* gradient_skyline_blinking_stars.gif in Resources */,
				764E2A2B2C78195F00785104 /* blinking_stars.gif in Resources */,
				76B869AB2C67B3AA002866B9 /* Assets.xcassets in Resources */,
			);
			runOnlyForDeploymentPostprocessing = 0;
		};
/* End PBXResourcesBuildPhase section */

/* Begin PBXShellScriptBuildPhase section */
		7B6082A80D57BE33B76B1E4D /* [CP] Embed Pods Frameworks */ = {
			isa = PBXShellScriptBuildPhase;
			buildActionMask = 2147483647;
			files = (
			);
			inputFileListPaths = (
				"${PODS_ROOT}/Target Support Files/Pods-MoodScape/Pods-MoodScape-frameworks-${CONFIGURATION}-input-files.xcfilelist",
			);
			name = "[CP] Embed Pods Frameworks";
			outputFileListPaths = (
				"${PODS_ROOT}/Target Support Files/Pods-MoodScape/Pods-MoodScape-frameworks-${CONFIGURATION}-output-files.xcfilelist",
			);
			runOnlyForDeploymentPostprocessing = 0;
			shellPath = /bin/sh;
			shellScript = "\"${PODS_ROOT}/Target Support Files/Pods-MoodScape/Pods-MoodScape-frameworks.sh\"\n";
			showEnvVarsInLog = 0;
		};
		A9C0ACA3FAF5535871D3B7AA /* [CP] Check Pods Manifest.lock */ = {
			isa = PBXShellScriptBuildPhase;
			buildActionMask = 2147483647;
			files = (
			);
			inputFileListPaths = (
			);
			inputPaths = (
				"${PODS_PODFILE_DIR_PATH}/Podfile.lock",
				"${PODS_ROOT}/Manifest.lock",
			);
			name = "[CP] Check Pods Manifest.lock";
			outputFileListPaths = (
			);
			outputPaths = (
				"$(DERIVED_FILE_DIR)/Pods-MoodScape-checkManifestLockResult.txt",
			);
			runOnlyForDeploymentPostprocessing = 0;
			shellPath = /bin/sh;
			shellScript = "diff \"${PODS_PODFILE_DIR_PATH}/Podfile.lock\" \"${PODS_ROOT}/Manifest.lock\" > /dev/null\nif [ $? != 0 ] ; then\n    # print error to STDERR\n    echo \"error: The sandbox is not in sync with the Podfile.lock. Run 'pod install' or update your CocoaPods installation.\" >&2\n    exit 1\nfi\n# This output is used by Xcode 'outputs' to avoid re-running this script phase.\necho \"SUCCESS\" > \"${SCRIPT_OUTPUT_FILE_0}\"\n";
			showEnvVarsInLog = 0;
		};
/* End PBXShellScriptBuildPhase section */

/* Begin PBXSourcesBuildPhase section */
		76B8699A2C67B3A9002866B9 /* Sources */ = {
			isa = PBXSourcesBuildPhase;
			buildActionMask = 2147483647;
			files = (
				764FDE382C6983040060A428 /* LoginViewController.swift in Sources */,
				764E2A382C7939EE00785104 /* MusicSetupViewController.swift in Sources */,
				76976C9B2C74238A00D44DD3 /* SongCollectionView.swift in Sources */,
				768536CD2C7A896800C35FF8 /* Genre.swift in Sources */,
				7664856F2C6EB8C000AA050A /* CircleItem.swift in Sources */,
				766485602C6C471D00AA050A /* MainViewController.swift in Sources */,
				76AAD3202C70F5EE00CBE3D8 /* ProfileBaseView.swift in Sources */,
				768536D02C7A98C600C35FF8 /* ArtistsSetupViewController.swift in Sources */,
				76B869A22C67B3A9002866B9 /* AppDelegate.swift in Sources */,
				76AAD3302C72A8A600CBE3D8 /* EmotionCell.swift in Sources */,
				76AAD3292C72263500CBE3D8 /* ColorExtensions.swift in Sources */,
				7664857D2C6EF3C200AA050A /* MoodSelectionView.swift in Sources */,
				7664856A2C6E6E5600AA050A /* ButtonExtensions.swift in Sources */,
				7664857B2C6ED79D00AA050A /* SpotifyAPIManager.swift in Sources */,
				76976C952C7401AE00D44DD3 /* SongCell.swift in Sources */,
				761350292C70166A009A3F40 /* ProfileSetup.swift in Sources */,
				7664855E2C6C46A700AA050A /* SocialViewController.swift in Sources */,
				766485622C6C474F00AA050A /* StatsViewController.swift in Sources */,
				764FDE2F2C695EA60060A428 /* User.swift in Sources */,
				76F31B4A2C7BCA7D00B65B72 /* ImageCache.swift in Sources */,
				764E2A322C788ACE00785104 /* ImageSetupViewController.swift in Sources */,
				764E2A362C78D80200785104 /* SpotifySetupViewController.swift in Sources */,
				766485682C6E4EFB00AA050A /* ProfileSetupViewController.swift in Sources */,
				76B869A42C67B3A9002866B9 /* SceneDelegate.swift in Sources */,
				766485642C6C479800AA050A /* FeedViewController.swift in Sources */,
				7616BD752C7E33800083D227 /* CustomTabBar.swift in Sources */,
				768536D42C7AA8DC00C35FF8 /* Artist.swift in Sources */,
				76AAD3272C72241A00CBE3D8 /* ImageExtensions.swift in Sources */,
				766485662C6C490400AA050A /* MainBaseView.swift in Sources */,
				764E2A2E2C78229A00785104 /* StartSetupViewController.swift in Sources */,
				766485742C6ED0BE00AA050A /* AlbumCollectionView.swift in Sources */,
				7664856C2C6EB68500AA050A /* ViewExtensions.swift in Sources */,
				764FDE332C696E990060A428 /* RegistrationViewController.swift in Sources */,
				766485482C6A13AD00AA050A /* ProfileViewController.swift in Sources */,
				76AAD32C2C729DEA00CBE3D8 /* CirclesBackgroundView.swift in Sources */,
				764E2A302C7846CB00785104 /* UserSetupViewController.swift in Sources */,
				764E2A342C788B5300785104 /* SetupBaseView.swift in Sources */,
				7664855C2C6C447E00AA050A /* MainTabBarController.swift in Sources */,
				76F31B482C7B8C1400B65B72 /* EndSetupViewController.swift in Sources */,
				76B869BF2C67B93C002866B9 /* StartViewController.swift in Sources */,
				768536CB2C7A893000C35FF8 /* GenreCell.swift in Sources */,
				766485572C6B98CB00AA050A /* ValidationExtensions.swift in Sources */,
				768536D22C7AA8AD00C35FF8 /* ArtistCell.swift in Sources */,
				766485762C6ED52D00AA050A /* Album.swift in Sources */,
				766485792C6ED6E700AA050A /* SpotifyAuthenticationManager.swift in Sources */,
				76B645B82C7BFF8100ADC097 /* Song.swift in Sources */,
				76401AD52C76B4530035C7FA /* ContactView.swift in Sources */,
				76E0C2702C6F9D7300DDA56B /* SettingsViewController.swift in Sources */,
				76AAD3252C721C0300CBE3D8 /* AlbumDetailsViewController.swift in Sources */,
				76B869BD2C67B8D3002866B9 /* LaunchViewController.swift in Sources */,
				764FDE352C697C230060A428 /* StartBaseView.swift in Sources */,
			);
			runOnlyForDeploymentPostprocessing = 0;
		};
/* End PBXSourcesBuildPhase section */

/* Begin XCBuildConfiguration section */
		76B869B02C67B3AA002866B9 /* Debug */ = {
			isa = XCBuildConfiguration;
			buildSettings = {
				ALWAYS_SEARCH_USER_PATHS = NO;
				CLANG_ANALYZER_NONNULL = YES;
				CLANG_ANALYZER_NUMBER_OBJECT_CONVERSION = YES_AGGRESSIVE;
				CLANG_CXX_LANGUAGE_STANDARD = "gnu++20";
				CLANG_ENABLE_MODULES = YES;
				CLANG_ENABLE_OBJC_ARC = YES;
				CLANG_ENABLE_OBJC_WEAK = YES;
				CLANG_WARN_BLOCK_CAPTURE_AUTORELEASING = YES;
				CLANG_WARN_BOOL_CONVERSION = YES;
				CLANG_WARN_COMMA = YES;
				CLANG_WARN_CONSTANT_CONVERSION = YES;
				CLANG_WARN_DEPRECATED_OBJC_IMPLEMENTATIONS = YES;
				CLANG_WARN_DIRECT_OBJC_ISA_USAGE = YES_ERROR;
				CLANG_WARN_DOCUMENTATION_COMMENTS = YES;
				CLANG_WARN_EMPTY_BODY = YES;
				CLANG_WARN_ENUM_CONVERSION = YES;
				CLANG_WARN_INFINITE_RECURSION = YES;
				CLANG_WARN_INT_CONVERSION = YES;
				CLANG_WARN_NON_LITERAL_NULL_CONVERSION = YES;
				CLANG_WARN_OBJC_IMPLICIT_RETAIN_SELF = YES;
				CLANG_WARN_OBJC_LITERAL_CONVERSION = YES;
				CLANG_WARN_OBJC_ROOT_CLASS = YES_ERROR;
				CLANG_WARN_QUOTED_INCLUDE_IN_FRAMEWORK_HEADER = YES;
				CLANG_WARN_RANGE_LOOP_ANALYSIS = YES;
				CLANG_WARN_STRICT_PROTOTYPES = YES;
				CLANG_WARN_SUSPICIOUS_MOVE = YES;
				CLANG_WARN_UNGUARDED_AVAILABILITY = YES_AGGRESSIVE;
				CLANG_WARN_UNREACHABLE_CODE = YES;
				CLANG_WARN__DUPLICATE_METHOD_MATCH = YES;
				COPY_PHASE_STRIP = NO;
				DEBUG_INFORMATION_FORMAT = dwarf;
				ENABLE_STRICT_OBJC_MSGSEND = YES;
				ENABLE_TESTABILITY = YES;
				GCC_C_LANGUAGE_STANDARD = gnu11;
				GCC_DYNAMIC_NO_PIC = NO;
				GCC_NO_COMMON_BLOCKS = YES;
				GCC_OPTIMIZATION_LEVEL = 0;
				GCC_PREPROCESSOR_DEFINITIONS = (
					"DEBUG=1",
					"$(inherited)",
				);
				GCC_WARN_64_TO_32_BIT_CONVERSION = YES;
				GCC_WARN_ABOUT_RETURN_TYPE = YES_ERROR;
				GCC_WARN_UNDECLARED_SELECTOR = YES;
				GCC_WARN_UNINITIALIZED_AUTOS = YES_AGGRESSIVE;
				GCC_WARN_UNUSED_FUNCTION = YES;
				GCC_WARN_UNUSED_VARIABLE = YES;
				IPHONEOS_DEPLOYMENT_TARGET = 16.4;
				MTL_ENABLE_DEBUG_INFO = INCLUDE_SOURCE;
				MTL_FAST_MATH = YES;
				ONLY_ACTIVE_ARCH = YES;
				SDKROOT = iphoneos;
				SWIFT_ACTIVE_COMPILATION_CONDITIONS = DEBUG;
				SWIFT_OPTIMIZATION_LEVEL = "-Onone";
			};
			name = Debug;
		};
		76B869B12C67B3AA002866B9 /* Release */ = {
			isa = XCBuildConfiguration;
			buildSettings = {
				ALWAYS_SEARCH_USER_PATHS = NO;
				CLANG_ANALYZER_NONNULL = YES;
				CLANG_ANALYZER_NUMBER_OBJECT_CONVERSION = YES_AGGRESSIVE;
				CLANG_CXX_LANGUAGE_STANDARD = "gnu++20";
				CLANG_ENABLE_MODULES = YES;
				CLANG_ENABLE_OBJC_ARC = YES;
				CLANG_ENABLE_OBJC_WEAK = YES;
				CLANG_WARN_BLOCK_CAPTURE_AUTORELEASING = YES;
				CLANG_WARN_BOOL_CONVERSION = YES;
				CLANG_WARN_COMMA = YES;
				CLANG_WARN_CONSTANT_CONVERSION = YES;
				CLANG_WARN_DEPRECATED_OBJC_IMPLEMENTATIONS = YES;
				CLANG_WARN_DIRECT_OBJC_ISA_USAGE = YES_ERROR;
				CLANG_WARN_DOCUMENTATION_COMMENTS = YES;
				CLANG_WARN_EMPTY_BODY = YES;
				CLANG_WARN_ENUM_CONVERSION = YES;
				CLANG_WARN_INFINITE_RECURSION = YES;
				CLANG_WARN_INT_CONVERSION = YES;
				CLANG_WARN_NON_LITERAL_NULL_CONVERSION = YES;
				CLANG_WARN_OBJC_IMPLICIT_RETAIN_SELF = YES;
				CLANG_WARN_OBJC_LITERAL_CONVERSION = YES;
				CLANG_WARN_OBJC_ROOT_CLASS = YES_ERROR;
				CLANG_WARN_QUOTED_INCLUDE_IN_FRAMEWORK_HEADER = YES;
				CLANG_WARN_RANGE_LOOP_ANALYSIS = YES;
				CLANG_WARN_STRICT_PROTOTYPES = YES;
				CLANG_WARN_SUSPICIOUS_MOVE = YES;
				CLANG_WARN_UNGUARDED_AVAILABILITY = YES_AGGRESSIVE;
				CLANG_WARN_UNREACHABLE_CODE = YES;
				CLANG_WARN__DUPLICATE_METHOD_MATCH = YES;
				COPY_PHASE_STRIP = NO;
				DEBUG_INFORMATION_FORMAT = "dwarf-with-dsym";
				ENABLE_NS_ASSERTIONS = NO;
				ENABLE_STRICT_OBJC_MSGSEND = YES;
				GCC_C_LANGUAGE_STANDARD = gnu11;
				GCC_NO_COMMON_BLOCKS = YES;
				GCC_WARN_64_TO_32_BIT_CONVERSION = YES;
				GCC_WARN_ABOUT_RETURN_TYPE = YES_ERROR;
				GCC_WARN_UNDECLARED_SELECTOR = YES;
				GCC_WARN_UNINITIALIZED_AUTOS = YES_AGGRESSIVE;
				GCC_WARN_UNUSED_FUNCTION = YES;
				GCC_WARN_UNUSED_VARIABLE = YES;
				IPHONEOS_DEPLOYMENT_TARGET = 16.4;
				MTL_ENABLE_DEBUG_INFO = NO;
				MTL_FAST_MATH = YES;
				SDKROOT = iphoneos;
				SWIFT_COMPILATION_MODE = wholemodule;
				SWIFT_OPTIMIZATION_LEVEL = "-O";
				VALIDATE_PRODUCT = YES;
			};
			name = Release;
		};
		76B869B32C67B3AA002866B9 /* Debug */ = {
			isa = XCBuildConfiguration;
			baseConfigurationReference = CC1BC4BC73FD92CE5543BE7E /* Pods-MoodScape.debug.xcconfig */;
			buildSettings = {
				ASSETCATALOG_COMPILER_APPICON_NAME = AppIcon;
				ASSETCATALOG_COMPILER_GLOBAL_ACCENT_COLOR_NAME = AccentColor;
				CODE_SIGN_STYLE = Automatic;
				CURRENT_PROJECT_VERSION = 1;
				DEVELOPMENT_TEAM = X5NCF7XSCG;
				GENERATE_INFOPLIST_FILE = YES;
				INFOPLIST_FILE = MoodScape/Info.plist;
				INFOPLIST_KEY_LSApplicationCategoryType = "public.app-category.utilities";
				INFOPLIST_KEY_UIApplicationSupportsIndirectInputEvents = YES;
				INFOPLIST_KEY_UILaunchStoryboardName = LaunchScreen;
				INFOPLIST_KEY_UIMainStoryboardFile = Main;
				INFOPLIST_KEY_UISupportedInterfaceOrientations = UIInterfaceOrientationPortrait;
				IPHONEOS_DEPLOYMENT_TARGET = 15.0;
				LD_RUNPATH_SEARCH_PATHS = (
					"$(inherited)",
					"@executable_path/Frameworks",
				);
				MARKETING_VERSION = 1.0;
				PRODUCT_BUNDLE_IDENTIFIER = o1gab.MoodScape;
				PRODUCT_NAME = "$(TARGET_NAME)";
				SUPPORTED_PLATFORMS = "iphoneos iphonesimulator";
				SUPPORTS_MACCATALYST = NO;
				SUPPORTS_MAC_DESIGNED_FOR_IPHONE_IPAD = YES;
				SWIFT_EMIT_LOC_STRINGS = YES;
				SWIFT_VERSION = 5.0;
				TARGETED_DEVICE_FAMILY = 1;
			};
			name = Debug;
		};
		76B869B42C67B3AA002866B9 /* Release */ = {
			isa = XCBuildConfiguration;
			baseConfigurationReference = 7A27C3F833B9F95DF63F4D42 /* Pods-MoodScape.release.xcconfig */;
			buildSettings = {
				ASSETCATALOG_COMPILER_APPICON_NAME = AppIcon;
				ASSETCATALOG_COMPILER_GLOBAL_ACCENT_COLOR_NAME = AccentColor;
				CODE_SIGN_STYLE = Automatic;
				CURRENT_PROJECT_VERSION = 1;
				DEVELOPMENT_TEAM = X5NCF7XSCG;
				GENERATE_INFOPLIST_FILE = YES;
				INFOPLIST_FILE = MoodScape/Info.plist;
				INFOPLIST_KEY_LSApplicationCategoryType = "public.app-category.utilities";
				INFOPLIST_KEY_UIApplicationSupportsIndirectInputEvents = YES;
				INFOPLIST_KEY_UILaunchStoryboardName = LaunchScreen;
				INFOPLIST_KEY_UIMainStoryboardFile = Main;
				INFOPLIST_KEY_UISupportedInterfaceOrientations = UIInterfaceOrientationPortrait;
				IPHONEOS_DEPLOYMENT_TARGET = 15.0;
				LD_RUNPATH_SEARCH_PATHS = (
					"$(inherited)",
					"@executable_path/Frameworks",
				);
				MARKETING_VERSION = 1.0;
				PRODUCT_BUNDLE_IDENTIFIER = o1gab.MoodScape;
				PRODUCT_NAME = "$(TARGET_NAME)";
				SUPPORTED_PLATFORMS = "iphoneos iphonesimulator";
				SUPPORTS_MACCATALYST = NO;
				SUPPORTS_MAC_DESIGNED_FOR_IPHONE_IPAD = YES;
				SWIFT_EMIT_LOC_STRINGS = YES;
				SWIFT_VERSION = 5.0;
				TARGETED_DEVICE_FAMILY = 1;
			};
			name = Release;
		};
/* End XCBuildConfiguration section */

/* Begin XCConfigurationList section */
		76B869992C67B3A9002866B9 /* Build configuration list for PBXProject "MoodScape" */ = {
			isa = XCConfigurationList;
			buildConfigurations = (
				76B869B02C67B3AA002866B9 /* Debug */,
				76B869B12C67B3AA002866B9 /* Release */,
			);
			defaultConfigurationIsVisible = 0;
			defaultConfigurationName = Release;
		};
		76B869B22C67B3AA002866B9 /* Build configuration list for PBXNativeTarget "MoodScape" */ = {
			isa = XCConfigurationList;
			buildConfigurations = (
				76B869B32C67B3AA002866B9 /* Debug */,
				76B869B42C67B3AA002866B9 /* Release */,
			);
			defaultConfigurationIsVisible = 0;
			defaultConfigurationName = Release;
		};
/* End XCConfigurationList section */
	};
	rootObject = 76B869962C67B3A9002866B9 /* Project object */;
}
